
Microsoft Visual Studio Solution File, Format Version 12.00
# Visual Studio Version 17
VisualStudioVersion = 17.11.35303.130
MinimumVisualStudioVersion = 10.0.40219.1
Project("{FAE04EC0-301F-11D3-BF4B-00C04F79EFBC}") = "Fall2024-Assignment3-jrbalch", "Fall2024-Assignment3-jrbalch\Fall2024-Assignment3-jrbalch.csproj", "{1384E063-7F37-4F7E-A181-AFEA2C573476}"
EndProject
Global
	GlobalSection(SolutionConfigurationPlatforms) = preSolution
		Debug|Any CPU = Debug|Any CPU
		Release|Any CPU = Release|Any CPU
	EndGlobalSection
	GlobalSection(ProjectConfigurationPlatforms) = postSolution
		{1384E063-7F37-4F7E-A181-AFEA2C573476}.Debug|Any CPU.ActiveCfg = Debug|Any CPU
		{1384E063-7F37-4F7E-A181-AFEA2C573476}.Debug|Any CPU.Build.0 = Debug|Any CPU
		{1384E063-7F37-4F7E-A181-AFEA2C573476}.Release|Any CPU.ActiveCfg = Release|Any CPU
		{1384E063-7F37-4F7E-A181-AFEA2C573476}.Release|Any CPU.Build.0 = Release|Any CPU
	EndGlobalSection
	GlobalSection(SolutionProperties) = preSolution
		HideSolutionNode = FALSE
	EndGlobalSection
	GlobalSection(ExtensibilityGlobals) = postSolution
		SolutionGuid = {974C572C-F191-4D15-B6A7-E34B1B4193FF}
	EndGlobalSection
EndGlobal
